# This file is generated by running "yarn install" inside your project.
# Manual changes might be lost - proceed with caution!

__metadata:
  version: 4
  cacheKey: 8

"dequal@npm:^2.0.0":
  version: 2.0.2
  resolution: "dequal@npm:2.0.2"
  checksum: 86c7a2c59f7b0797ed397c74b5fcdb744e48fc19440b70ad6ac59f57550a96b0faef3f1cfd5760ec5e6d3f7cb101f634f1f80db4e727b1dc8389bf62d977c0a0
  languageName: node
  linkType: hard

"diff@npm:^5.0.0":
  version: 5.0.0
  resolution: "diff@npm:5.0.0"
  checksum: f19fe29284b633afdb2725c2a8bb7d25761ea54d321d8e67987ac851c5294be4afeab532bd84531e02583a3fe7f4014aa314a3eda84f5590e7a9e6b371ef3b46
  languageName: node
  linkType: hard

"esm@npm:^3.2.25":
  version: 3.2.25
  resolution: "esm@npm:3.2.25"
  checksum: 978aabe2de83541c105605a6d60a26ed8e627ef6bb0a7605fe15a95bbdea6b8348bd045255cb22219c054dd09a81a94823df00843d9e97f42419c92015ce3a64
  languageName: node
  linkType: hard

"kleur@npm:^4.0.3":
  version: 4.1.4
  resolution: "kleur@npm:4.1.4"
  checksum: 7f6db36e378045dec14acd3cbf0b1e59130c09e984ee8b8ce56dd2d2257cfff90389c1e8f8b19bd09dd5d241080566a814b4ccd99fdcef91f59ef93ec33c8a44
  languageName: node
  linkType: hard

"mri@npm:^1.1.0":
  version: 1.1.6
  resolution: "mri@npm:1.1.6"
  checksum: c568269a40e2e95d48f28b88ab8b24bdc7c586edbfbb3e5ce7a4e3cee0665aef673b86bc2b63c98289d29b573a39d0e054924e415286a8dafdabfc68785746c7
  languageName: node
  linkType: hard

"sade@npm:^1.7.3":
  version: 1.7.4
  resolution: "sade@npm:1.7.4"
  dependencies:
    mri: ^1.1.0
  checksum: 80a2c4ca086c25cdb62cb084a38a0cc72afc657ed4b1874d6e7b3fd0b7f748cf806567ece6d68f13e19d0ed1779cd226ca8c24d8fd7ae692bf09bff1e1966522
  languageName: node
  linkType: hard

"test-uvu@workspace:.":
  version: 0.0.0-use.local
  resolution: "test-uvu@workspace:."
  dependencies:
    esm: ^3.2.25
    uvu: ^0.5.1
  languageName: unknown
  linkType: soft

"totalist@npm:^2.0.0":
  version: 2.0.0
  resolution: "totalist@npm:2.0.0"
  checksum: 9cc5aa15c78374e50ea90a93fd0137dfec68c2139db6767f0707951681fa931343ae9a71ed257da80bc5deb994cf841f14a1512cb6708c4806617eb4513cd965
  languageName: node
  linkType: hard

"uvu@npm:^0.5.1":
  version: 0.5.1
  resolution: "uvu@npm:0.5.1"
  dependencies:
    dequal: ^2.0.0
    diff: ^5.0.0
    kleur: ^4.0.3
    sade: ^1.7.3
    totalist: ^2.0.0
  bin:
    uvu: bin.js
  checksum: f7bf150f1f1ab6c57aa8dcd2a35d92ad3bcfe5c58391eb61d1d10efb9925a2e5790dac619cb92215a96f4fb778f19ea4792dab5ab3e93ba21e3dc844f27e4e95
  languageName: node
  linkType: hard
